
Microsoft Visual Studio Solution File, Format Version 12.00
# Visual Studio Version 16
VisualStudioVersion = 16.0.30204.135
MinimumVisualStudioVersion = 10.0.40219.1
Project("{FAE04EC0-301F-11D3-BF4B-00C04F79EFBC}") = "LibraryExample", "LibraryExample\LibraryExample.csproj", "{E98746B3-83FD-4F8F-9D0A-49012E087247}"
EndProject
Global
	GlobalSection(SolutionConfigurationPlatforms) = preSolution
		Debug|Any CPU = Debug|Any CPU
		Release|Any CPU = Release|Any CPU
	EndGlobalSection
	GlobalSection(ProjectConfigurationPlatforms) = postSolution
		{E98746B3-83FD-4F8F-9D0A-49012E087247}.Debug|Any CPU.ActiveCfg = Debug|Any CPU
		{E98746B3-83FD-4F8F-9D0A-49012E087247}.Debug|Any CPU.Build.0 = Debug|Any CPU
		{E98746B3-83FD-4F8F-9D0A-49012E087247}.Release|Any CPU.ActiveCfg = Release|Any CPU
		{E98746B3-83FD-4F8F-9D0A-49012E087247}.Release|Any CPU.Build.0 = Release|Any CPU
	EndGlobalSection
	GlobalSection(SolutionProperties) = preSolution
		HideSolutionNode = FALSE
	EndGlobalSection
	GlobalSection(ExtensibilityGlobals) = postSolution
		SolutionGuid = {DAEC78AF-A72D-42BD-91E8-48F09CA4AC4B}
	EndGlobalSection
EndGlobal
